
Microsoft Visual Studio Solution File, Format Version 12.00
Project("{FAE04EC0-301F-11D3-BF4B-00C04F79EFBC}") = "CurencyExchange.ConsoleApp", "CurencyExchange.ConsoleApp\CurencyExchange.ConsoleApp.csproj", "{62C0573C-7E8A-463D-99CC-43EE976FCABB}"
EndProject
Project("{FAE04EC0-301F-11D3-BF4B-00C04F79EFBC}") = "CurrencyExchange.DAL", "CurrencyExchange.DAL\CurrencyExchange.DAL.csproj", "{F169415F-D22E-4FE7-8FC3-31CB6D411F1E}"
EndProject
Project("{FAE04EC0-301F-11D3-BF4B-00C04F79EFBC}") = "CurrencyExchange.Domain", "CurrencyExchange.Domain\CurrencyExchange.Domain.csproj", "{24824332-2850-4C53-A7A9-B46BD104CA11}"
EndProject
Global
	GlobalSection(SolutionConfigurationPlatforms) = preSolution
		Debug|Any CPU = Debug|Any CPU
		Release|Any CPU = Release|Any CPU
	EndGlobalSection
	GlobalSection(ProjectConfigurationPlatforms) = postSolution
		{62C0573C-7E8A-463D-99CC-43EE976FCABB}.Debug|Any CPU.ActiveCfg = Debug|Any CPU
		{62C0573C-7E8A-463D-99CC-43EE976FCABB}.Debug|Any CPU.Build.0 = Debug|Any CPU
		{62C0573C-7E8A-463D-99CC-43EE976FCABB}.Release|Any CPU.ActiveCfg = Release|Any CPU
		{62C0573C-7E8A-463D-99CC-43EE976FCABB}.Release|Any CPU.Build.0 = Release|Any CPU
		{F169415F-D22E-4FE7-8FC3-31CB6D411F1E}.Debug|Any CPU.ActiveCfg = Debug|Any CPU
		{F169415F-D22E-4FE7-8FC3-31CB6D411F1E}.Debug|Any CPU.Build.0 = Debug|Any CPU
		{F169415F-D22E-4FE7-8FC3-31CB6D411F1E}.Release|Any CPU.ActiveCfg = Release|Any CPU
		{F169415F-D22E-4FE7-8FC3-31CB6D411F1E}.Release|Any CPU.Build.0 = Release|Any CPU
		{24824332-2850-4C53-A7A9-B46BD104CA11}.Debug|Any CPU.ActiveCfg = Debug|Any CPU
		{24824332-2850-4C53-A7A9-B46BD104CA11}.Debug|Any CPU.Build.0 = Debug|Any CPU
		{24824332-2850-4C53-A7A9-B46BD104CA11}.Release|Any CPU.ActiveCfg = Release|Any CPU
		{24824332-2850-4C53-A7A9-B46BD104CA11}.Release|Any CPU.Build.0 = Release|Any CPU
	EndGlobalSection
EndGlobal
