
Microsoft Visual Studio Solution File, Format Version 12.00
Project("{FAE04EC0-301F-11D3-BF4B-00C04F79EFBC}") = "CurrencyExchange.Core", "CurrencyExchange.Core\CurrencyExchange.Core.csproj", "{8BEC5E19-13BA-4988-AA66-0C483178EEB1}"
EndProject
Global
	GlobalSection(SolutionConfigurationPlatforms) = preSolution
		Debug|Any CPU = Debug|Any CPU
		Release|Any CPU = Release|Any CPU
	EndGlobalSection
	GlobalSection(ProjectConfigurationPlatforms) = postSolution
		{8BEC5E19-13BA-4988-AA66-0C483178EEB1}.Debug|Any CPU.ActiveCfg = Debug|Any CPU
		{8BEC5E19-13BA-4988-AA66-0C483178EEB1}.Debug|Any CPU.Build.0 = Debug|Any CPU
		{8BEC5E19-13BA-4988-AA66-0C483178EEB1}.Release|Any CPU.ActiveCfg = Release|Any CPU
		{8BEC5E19-13BA-4988-AA66-0C483178EEB1}.Release|Any CPU.Build.0 = Release|Any CPU
	EndGlobalSection
EndGlobal
